
Microsoft Visual Studio Solution File, Format Version 12.00
# Visual Studio Version 16
VisualStudioVersion = 16.0.29102.190
MinimumVisualStudioVersion = 10.0.40219.1
Project("{FAE04EC0-301F-11D3-BF4B-00C04F79EFBC}") = "TEditor.Android", "TEditor\TEditor.Android\TEditor.Android.csproj", "{66A809C9-AC75-4121-866B-B6B349DCEA2F}"
EndProject
Project("{FAE04EC0-301F-11D3-BF4B-00C04F79EFBC}") = "TEditor.iOS", "TEditor\TEditor.iOS\TEditor.iOS.csproj", "{90ACB6ED-A4AF-46F0-AA69-A9BE726B1689}"
EndProject
Project("{FAE04EC0-301F-11D3-BF4B-00C04F79EFBC}") = "TEditor", "TEditor\TEditor\TEditor.csproj", "{62C8617C-21A8-4154-968C-D984DA26C6A1}"
EndProject
Project("{FAE04EC0-301F-11D3-BF4B-00C04F79EFBC}") = "TEditor.Abstractions", "TEditor.Abstractions\TEditor.Abstractions.csproj", "{CAC7F747-9C43-41FF-9655-960B85F69D46}"
EndProject
Global
	GlobalSection(SolutionConfigurationPlatforms) = preSolution
		Debug|Any CPU = Debug|Any CPU
		Debug|iPhone = Debug|iPhone
		Debug|iPhoneSimulator = Debug|iPhoneSimulator
		Release|Any CPU = Release|Any CPU
		Release|iPhone = Release|iPhone
		Release|iPhoneSimulator = Release|iPhoneSimulator
	EndGlobalSection
	GlobalSection(ProjectConfigurationPlatforms) = postSolution
		{66A809C9-AC75-4121-866B-B6B349DCEA2F}.Debug|Any CPU.ActiveCfg = Debug|Any CPU
		{66A809C9-AC75-4121-866B-B6B349DCEA2F}.Debug|Any CPU.Build.0 = Debug|Any CPU
		{66A809C9-AC75-4121-866B-B6B349DCEA2F}.Debug|Any CPU.Deploy.0 = Debug|Any CPU
		{66A809C9-AC75-4121-866B-B6B349DCEA2F}.Debug|iPhone.ActiveCfg = Debug|Any CPU
		{66A809C9-AC75-4121-866B-B6B349DCEA2F}.Debug|iPhone.Build.0 = Debug|Any CPU
		{66A809C9-AC75-4121-866B-B6B349DCEA2F}.Debug|iPhone.Deploy.0 = Debug|Any CPU
		{66A809C9-AC75-4121-866B-B6B349DCEA2F}.Debug|iPhoneSimulator.ActiveCfg = Debug|Any CPU
		{66A809C9-AC75-4121-866B-B6B349DCEA2F}.Debug|iPhoneSimulator.Build.0 = Debug|Any CPU
		{66A809C9-AC75-4121-866B-B6B349DCEA2F}.Debug|iPhoneSimulator.Deploy.0 = Debug|Any CPU
		{66A809C9-AC75-4121-866B-B6B349DCEA2F}.Release|Any CPU.ActiveCfg = Release|Any CPU
		{66A809C9-AC75-4121-866B-B6B349DCEA2F}.Release|Any CPU.Build.0 = Release|Any CPU
		{66A809C9-AC75-4121-866B-B6B349DCEA2F}.Release|Any CPU.Deploy.0 = Release|Any CPU
		{66A809C9-AC75-4121-866B-B6B349DCEA2F}.Release|iPhone.ActiveCfg = Release|Any CPU
		{66A809C9-AC75-4121-866B-B6B349DCEA2F}.Release|iPhone.Build.0 = Release|Any CPU
		{66A809C9-AC75-4121-866B-B6B349DCEA2F}.Release|iPhone.Deploy.0 = Release|Any CPU
		{66A809C9-AC75-4121-866B-B6B349DCEA2F}.Release|iPhoneSimulator.ActiveCfg = Release|Any CPU
		{66A809C9-AC75-4121-866B-B6B349DCEA2F}.Release|iPhoneSimulator.Build.0 = Release|Any CPU
		{66A809C9-AC75-4121-866B-B6B349DCEA2F}.Release|iPhoneSimulator.Deploy.0 = Release|Any CPU
		{90ACB6ED-A4AF-46F0-AA69-A9BE726B1689}.Debug|Any CPU.ActiveCfg = Debug|iPhoneSimulator
		{90ACB6ED-A4AF-46F0-AA69-A9BE726B1689}.Debug|Any CPU.Build.0 = Debug|iPhoneSimulator
		{90ACB6ED-A4AF-46F0-AA69-A9BE726B1689}.Debug|Any CPU.Deploy.0 = Debug|iPhoneSimulator
		{90ACB6ED-A4AF-46F0-AA69-A9BE726B1689}.Debug|iPhone.ActiveCfg = Debug|iPhone
		{90ACB6ED-A4AF-46F0-AA69-A9BE726B1689}.Debug|iPhone.Build.0 = Debug|iPhone
		{90ACB6ED-A4AF-46F0-AA69-A9BE726B1689}.Debug|iPhone.Deploy.0 = Debug|iPhone
		{90ACB6ED-A4AF-46F0-AA69-A9BE726B1689}.Debug|iPhoneSimulator.ActiveCfg = Debug|iPhoneSimulator
		{90ACB6ED-A4AF-46F0-AA69-A9BE726B1689}.Debug|iPhoneSimulator.Build.0 = Debug|iPhoneSimulator
		{90ACB6ED-A4AF-46F0-AA69-A9BE726B1689}.Debug|iPhoneSimulator.Deploy.0 = Debug|iPhoneSimulator
		{90ACB6ED-A4AF-46F0-AA69-A9BE726B1689}.Release|Any CPU.ActiveCfg = Release|iPhone
		{90ACB6ED-A4AF-46F0-AA69-A9BE726B1689}.Release|Any CPU.Build.0 = Release|iPhone
		{90ACB6ED-A4AF-46F0-AA69-A9BE726B1689}.Release|Any CPU.Deploy.0 = Release|iPhone
		{90ACB6ED-A4AF-46F0-AA69-A9BE726B1689}.Release|iPhone.ActiveCfg = Release|iPhone
		{90ACB6ED-A4AF-46F0-AA69-A9BE726B1689}.Release|iPhone.Build.0 = Release|iPhone
		{90ACB6ED-A4AF-46F0-AA69-A9BE726B1689}.Release|iPhone.Deploy.0 = Release|iPhone
		{90ACB6ED-A4AF-46F0-AA69-A9BE726B1689}.Release|iPhoneSimulator.ActiveCfg = Release|iPhoneSimulator
		{90ACB6ED-A4AF-46F0-AA69-A9BE726B1689}.Release|iPhoneSimulator.Build.0 = Release|iPhoneSimulator
		{90ACB6ED-A4AF-46F0-AA69-A9BE726B1689}.Release|iPhoneSimulator.Deploy.0 = Release|iPhoneSimulator
		{62C8617C-21A8-4154-968C-D984DA26C6A1}.Debug|Any CPU.ActiveCfg = Debug|Any CPU
		{62C8617C-21A8-4154-968C-D984DA26C6A1}.Debug|Any CPU.Build.0 = Debug|Any CPU
		{62C8617C-21A8-4154-968C-D984DA26C6A1}.Debug|Any CPU.Deploy.0 = Debug|Any CPU
		{62C8617C-21A8-4154-968C-D984DA26C6A1}.Debug|iPhone.ActiveCfg = Debug|Any CPU
		{62C8617C-21A8-4154-968C-D984DA26C6A1}.Debug|iPhone.Build.0 = Debug|Any CPU
		{62C8617C-21A8-4154-968C-D984DA26C6A1}.Debug|iPhone.Deploy.0 = Debug|Any CPU
		{62C8617C-21A8-4154-968C-D984DA26C6A1}.Debug|iPhoneSimulator.ActiveCfg = Debug|Any CPU
		{62C8617C-21A8-4154-968C-D984DA26C6A1}.Debug|iPhoneSimulator.Build.0 = Debug|Any CPU
		{62C8617C-21A8-4154-968C-D984DA26C6A1}.Debug|iPhoneSimulator.Deploy.0 = Debug|Any CPU
		{62C8617C-21A8-4154-968C-D984DA26C6A1}.Release|Any CPU.ActiveCfg = Release|Any CPU
		{62C8617C-21A8-4154-968C-D984DA26C6A1}.Release|Any CPU.Build.0 = Release|Any CPU
		{62C8617C-21A8-4154-968C-D984DA26C6A1}.Release|Any CPU.Deploy.0 = Release|Any CPU
		{62C8617C-21A8-4154-968C-D984DA26C6A1}.Release|iPhone.ActiveCfg = Release|Any CPU
		{62C8617C-21A8-4154-968C-D984DA26C6A1}.Release|iPhone.Build.0 = Release|Any CPU
		{62C8617C-21A8-4154-968C-D984DA26C6A1}.Release|iPhone.Deploy.0 = Release|Any CPU
		{62C8617C-21A8-4154-968C-D984DA26C6A1}.Release|iPhoneSimulator.ActiveCfg = Release|Any CPU
		{62C8617C-21A8-4154-968C-D984DA26C6A1}.Release|iPhoneSimulator.Build.0 = Release|Any CPU
		{62C8617C-21A8-4154-968C-D984DA26C6A1}.Release|iPhoneSimulator.Deploy.0 = Release|Any CPU
		{CAC7F747-9C43-41FF-9655-960B85F69D46}.Debug|Any CPU.ActiveCfg = Debug|Any CPU
		{CAC7F747-9C43-41FF-9655-960B85F69D46}.Debug|Any CPU.Build.0 = Debug|Any CPU
		{CAC7F747-9C43-41FF-9655-960B85F69D46}.Debug|iPhone.ActiveCfg = Debug|Any CPU
		{CAC7F747-9C43-41FF-9655-960B85F69D46}.Debug|iPhone.Build.0 = Debug|Any CPU
		{CAC7F747-9C43-41FF-9655-960B85F69D46}.Debug|iPhoneSimulator.ActiveCfg = Debug|Any CPU
		{CAC7F747-9C43-41FF-9655-960B85F69D46}.Debug|iPhoneSimulator.Build.0 = Debug|Any CPU
		{CAC7F747-9C43-41FF-9655-960B85F69D46}.Release|Any CPU.ActiveCfg = Release|Any CPU
		{CAC7F747-9C43-41FF-9655-960B85F69D46}.Release|Any CPU.Build.0 = Release|Any CPU
		{CAC7F747-9C43-41FF-9655-960B85F69D46}.Release|iPhone.ActiveCfg = Release|Any CPU
		{CAC7F747-9C43-41FF-9655-960B85F69D46}.Release|iPhone.Build.0 = Release|Any CPU
		{CAC7F747-9C43-41FF-9655-960B85F69D46}.Release|iPhoneSimulator.ActiveCfg = Release|Any CPU
		{CAC7F747-9C43-41FF-9655-960B85F69D46}.Release|iPhoneSimulator.Build.0 = Release|Any CPU
	EndGlobalSection
	GlobalSection(SolutionProperties) = preSolution
		HideSolutionNode = FALSE
	EndGlobalSection
	GlobalSection(ExtensibilityGlobals) = postSolution
		SolutionGuid = {1DD9E5F6-B175-48DE-970A-E318762D2579}
	EndGlobalSection
EndGlobal
